
Microsoft Visual Studio Solution File, Format Version 12.00
# Visual Studio Version 16
VisualStudioVersion = 16.0.31729.503
MinimumVisualStudioVersion = 10.0.40219.1
Project("{FAE04EC0-301F-11D3-BF4B-00C04F79EFBC}") = "GitHubDemoWebPrj", "GitHubDemoWebPrj\GitHubDemoWebPrj.csproj", "{54FFE313-13A0-45E8-BF47-9C78C94E39F2}"
EndProject
Global
	GlobalSection(SolutionConfigurationPlatforms) = preSolution
		Debug|Any CPU = Debug|Any CPU
		Release|Any CPU = Release|Any CPU
	EndGlobalSection
	GlobalSection(ProjectConfigurationPlatforms) = postSolution
		{54FFE313-13A0-45E8-BF47-9C78C94E39F2}.Debug|Any CPU.ActiveCfg = Debug|Any CPU
		{54FFE313-13A0-45E8-BF47-9C78C94E39F2}.Debug|Any CPU.Build.0 = Debug|Any CPU
		{54FFE313-13A0-45E8-BF47-9C78C94E39F2}.Release|Any CPU.ActiveCfg = Release|Any CPU
		{54FFE313-13A0-45E8-BF47-9C78C94E39F2}.Release|Any CPU.Build.0 = Release|Any CPU
	EndGlobalSection
	GlobalSection(SolutionProperties) = preSolution
		HideSolutionNode = FALSE
	EndGlobalSection
	GlobalSection(ExtensibilityGlobals) = postSolution
		SolutionGuid = {15DA4959-A114-4CFE-81AA-35F23E58DE61}
	EndGlobalSection
EndGlobal
